
Microsoft Visual Studio Solution File, Format Version 12.00
# Visual Studio Version 16
VisualStudioVersion = 16.0.30711.63
MinimumVisualStudioVersion = 10.0.40219.1
Project("{9A19103F-16F7-4668-BE54-9A1E7A4F7556}") = "ChallengeSpekit", "ChallengeSpekit\ChallengeSpekit.csproj", "{44160CEB-9BAA-455F-A60C-DB364467850D}"
EndProject
Global
	GlobalSection(SolutionConfigurationPlatforms) = preSolution
		Debug|Any CPU = Debug|Any CPU
		Release|Any CPU = Release|Any CPU
	EndGlobalSection
	GlobalSection(ProjectConfigurationPlatforms) = postSolution
		{44160CEB-9BAA-455F-A60C-DB364467850D}.Debug|Any CPU.ActiveCfg = Debug|Any CPU
		{44160CEB-9BAA-455F-A60C-DB364467850D}.Debug|Any CPU.Build.0 = Debug|Any CPU
		{44160CEB-9BAA-455F-A60C-DB364467850D}.Release|Any CPU.ActiveCfg = Release|Any CPU
		{44160CEB-9BAA-455F-A60C-DB364467850D}.Release|Any CPU.Build.0 = Release|Any CPU
	EndGlobalSection
	GlobalSection(SolutionProperties) = preSolution
		HideSolutionNode = FALSE
	EndGlobalSection
	GlobalSection(ExtensibilityGlobals) = postSolution
		SolutionGuid = {19949A60-6DC2-48CC-8DCC-2C662E4AE5F6}
	EndGlobalSection
EndGlobal
